
Microsoft Visual Studio Solution File, Format Version 12.00
# Visual Studio Version 17
VisualStudioVersion = 17.5.002.0
MinimumVisualStudioVersion = 10.0.40219.1
Project("{9A19103F-16F7-4668-BE54-9A1E7A4F7556}") = "program004-generator", "program004-generator.csproj", "{96BD1BB8-1FE3-4EB6-B7CB-27FEDD1A0837}"
EndProject
Global
	GlobalSection(SolutionConfigurationPlatforms) = preSolution
		Debug|Any CPU = Debug|Any CPU
		Release|Any CPU = Release|Any CPU
	EndGlobalSection
	GlobalSection(ProjectConfigurationPlatforms) = postSolution
		{96BD1BB8-1FE3-4EB6-B7CB-27FEDD1A0837}.Debug|Any CPU.ActiveCfg = Debug|Any CPU
		{96BD1BB8-1FE3-4EB6-B7CB-27FEDD1A0837}.Debug|Any CPU.Build.0 = Debug|Any CPU
		{96BD1BB8-1FE3-4EB6-B7CB-27FEDD1A0837}.Release|Any CPU.ActiveCfg = Release|Any CPU
		{96BD1BB8-1FE3-4EB6-B7CB-27FEDD1A0837}.Release|Any CPU.Build.0 = Release|Any CPU
	EndGlobalSection
	GlobalSection(SolutionProperties) = preSolution
		HideSolutionNode = FALSE
	EndGlobalSection
	GlobalSection(ExtensibilityGlobals) = postSolution
		SolutionGuid = {DCBACBCB-94EB-4BD5-A6B2-28537A9497C9}
	EndGlobalSection
EndGlobal
