
Microsoft Visual Studio Solution File, Format Version 12.00
# Visual Studio Version 17
VisualStudioVersion = 17.5.002.0
MinimumVisualStudioVersion = 10.0.40219.1
Project("{9A19103F-16F7-4668-BE54-9A1E7A4F7556}") = "program012a-intervaly", "program012a-intervaly.csproj", "{DD5F971A-32AD-445E-BA40-150BE79C8D28}"
EndProject
Global
	GlobalSection(SolutionConfigurationPlatforms) = preSolution
		Debug|Any CPU = Debug|Any CPU
		Release|Any CPU = Release|Any CPU
	EndGlobalSection
	GlobalSection(ProjectConfigurationPlatforms) = postSolution
		{DD5F971A-32AD-445E-BA40-150BE79C8D28}.Debug|Any CPU.ActiveCfg = Debug|Any CPU
		{DD5F971A-32AD-445E-BA40-150BE79C8D28}.Debug|Any CPU.Build.0 = Debug|Any CPU
		{DD5F971A-32AD-445E-BA40-150BE79C8D28}.Release|Any CPU.ActiveCfg = Release|Any CPU
		{DD5F971A-32AD-445E-BA40-150BE79C8D28}.Release|Any CPU.Build.0 = Release|Any CPU
	EndGlobalSection
	GlobalSection(SolutionProperties) = preSolution
		HideSolutionNode = FALSE
	EndGlobalSection
	GlobalSection(ExtensibilityGlobals) = postSolution
		SolutionGuid = {C6040BE7-F077-4509-B47D-3FCCC1571785}
	EndGlobalSection
EndGlobal
